
Microsoft Visual Studio Solution File, Format Version 12.00
Project("{2150E333-8FDC-42A3-9474-1A3956D46DE8}") = "data", "data", "{33D9945F-599F-46DA-B62F-A2E0D4E9CF0E}"
EndProject
Project("{2150E333-8FDC-42A3-9474-1A3956D46DE8}") = "src", "src", "{257137DF-5386-4AAB-9513-46C02674EF57}"
EndProject
Project("{2150E333-8FDC-42A3-9474-1A3956D46DE8}") = "main", "main", "{2070DD7D-DFA6-49A7-A039-011029CF94D2}"
EndProject
Project("{2150E333-8FDC-42A3-9474-1A3956D46DE8}") = "tests", "tests", "{32B6CF43-560C-4929-9D91-FA40338EB085}"
EndProject
Project("{2150E333-8FDC-42A3-9474-1A3956D46DE8}") = "Domain", "Domain", "{0F69F0B4-D14A-4515-98B8-ACDC23BAFD0B}"
EndProject
Project("{2150E333-8FDC-42A3-9474-1A3956D46DE8}") = "Infrastructure", "Infrastructure", "{30160892-212E-4F2B-BDDC-2230F9D3E81F}"
EndProject
Project("{2150E333-8FDC-42A3-9474-1A3956D46DE8}") = "Scraper", "Scraper", "{E7E6313A-4FEE-4CAB-90C9-C452E745A530}"
EndProject
Project("{FAE04EC0-301F-11D3-BF4B-00C04F79EFBC}") = "Scraper.Core", "Scraper.Core\Scraper.Core.csproj", "{E911424D-D533-4604-A8AA-A7325C85D2EE}"
EndProject
Project("{FAE04EC0-301F-11D3-BF4B-00C04F79EFBC}") = "Scraper.Persistence", "Scraper.Persistence\Scraper.Persistence.csproj", "{D4B73550-D5DB-4AFC-9A66-1CC8DE43A3E4}"
EndProject
Project("{FAE04EC0-301F-11D3-BF4B-00C04F79EFBC}") = "Scraper.Redis", "Scraper.Redis\Scraper.Redis.csproj", "{AD4115AF-C93A-45B9-B50A-EDB06F686BCC}"
EndProject
Project("{FAE04EC0-301F-11D3-BF4B-00C04F79EFBC}") = "Scraper.Scraping", "Scraper.Scraping\Scraper.Scraping.csproj", "{BCD0422C-866D-482D-BC9A-332B17CB5870}"
EndProject
Project("{FAE04EC0-301F-11D3-BF4B-00C04F79EFBC}") = "Scraper.Worker", "Scraper.Worker\Scraper.Worker.csproj", "{02893207-2833-4DBA-90D9-12D58EA3DEB0}"
EndProject
Project("{2150E333-8FDC-42A3-9474-1A3956D46DE8}") = "docker", "docker", "{CEA4DE6E-941C-435A-9FC2-72796FB87F41}"
	ProjectSection(SolutionItems) = preProject
		docker-compose.yml = docker-compose.yml
	EndProjectSection
EndProject
Global
	GlobalSection(SolutionConfigurationPlatforms) = preSolution
		Debug|Any CPU = Debug|Any CPU
		Release|Any CPU = Release|Any CPU
	EndGlobalSection
	GlobalSection(NestedProjects) = preSolution
		{2070DD7D-DFA6-49A7-A039-011029CF94D2} = {257137DF-5386-4AAB-9513-46C02674EF57}
		{32B6CF43-560C-4929-9D91-FA40338EB085} = {257137DF-5386-4AAB-9513-46C02674EF57}
		{0F69F0B4-D14A-4515-98B8-ACDC23BAFD0B} = {2070DD7D-DFA6-49A7-A039-011029CF94D2}
		{30160892-212E-4F2B-BDDC-2230F9D3E81F} = {2070DD7D-DFA6-49A7-A039-011029CF94D2}
		{E7E6313A-4FEE-4CAB-90C9-C452E745A530} = {2070DD7D-DFA6-49A7-A039-011029CF94D2}
		{E911424D-D533-4604-A8AA-A7325C85D2EE} = {0F69F0B4-D14A-4515-98B8-ACDC23BAFD0B}
		{D4B73550-D5DB-4AFC-9A66-1CC8DE43A3E4} = {30160892-212E-4F2B-BDDC-2230F9D3E81F}
		{AD4115AF-C93A-45B9-B50A-EDB06F686BCC} = {30160892-212E-4F2B-BDDC-2230F9D3E81F}
		{BCD0422C-866D-482D-BC9A-332B17CB5870} = {E7E6313A-4FEE-4CAB-90C9-C452E745A530}
		{02893207-2833-4DBA-90D9-12D58EA3DEB0} = {E7E6313A-4FEE-4CAB-90C9-C452E745A530}
	EndGlobalSection
	GlobalSection(ProjectConfigurationPlatforms) = postSolution
		{E911424D-D533-4604-A8AA-A7325C85D2EE}.Debug|Any CPU.ActiveCfg = Debug|Any CPU
		{E911424D-D533-4604-A8AA-A7325C85D2EE}.Debug|Any CPU.Build.0 = Debug|Any CPU
		{E911424D-D533-4604-A8AA-A7325C85D2EE}.Release|Any CPU.ActiveCfg = Release|Any CPU
		{E911424D-D533-4604-A8AA-A7325C85D2EE}.Release|Any CPU.Build.0 = Release|Any CPU
		{D4B73550-D5DB-4AFC-9A66-1CC8DE43A3E4}.Debug|Any CPU.ActiveCfg = Debug|Any CPU
		{D4B73550-D5DB-4AFC-9A66-1CC8DE43A3E4}.Debug|Any CPU.Build.0 = Debug|Any CPU
		{D4B73550-D5DB-4AFC-9A66-1CC8DE43A3E4}.Release|Any CPU.ActiveCfg = Release|Any CPU
		{D4B73550-D5DB-4AFC-9A66-1CC8DE43A3E4}.Release|Any CPU.Build.0 = Release|Any CPU
		{AD4115AF-C93A-45B9-B50A-EDB06F686BCC}.Debug|Any CPU.ActiveCfg = Debug|Any CPU
		{AD4115AF-C93A-45B9-B50A-EDB06F686BCC}.Debug|Any CPU.Build.0 = Debug|Any CPU
		{AD4115AF-C93A-45B9-B50A-EDB06F686BCC}.Release|Any CPU.ActiveCfg = Release|Any CPU
		{AD4115AF-C93A-45B9-B50A-EDB06F686BCC}.Release|Any CPU.Build.0 = Release|Any CPU
		{BCD0422C-866D-482D-BC9A-332B17CB5870}.Debug|Any CPU.ActiveCfg = Debug|Any CPU
		{BCD0422C-866D-482D-BC9A-332B17CB5870}.Debug|Any CPU.Build.0 = Debug|Any CPU
		{BCD0422C-866D-482D-BC9A-332B17CB5870}.Release|Any CPU.ActiveCfg = Release|Any CPU
		{BCD0422C-866D-482D-BC9A-332B17CB5870}.Release|Any CPU.Build.0 = Release|Any CPU
		{02893207-2833-4DBA-90D9-12D58EA3DEB0}.Debug|Any CPU.ActiveCfg = Debug|Any CPU
		{02893207-2833-4DBA-90D9-12D58EA3DEB0}.Debug|Any CPU.Build.0 = Debug|Any CPU
		{02893207-2833-4DBA-90D9-12D58EA3DEB0}.Release|Any CPU.ActiveCfg = Release|Any CPU
		{02893207-2833-4DBA-90D9-12D58EA3DEB0}.Release|Any CPU.Build.0 = Release|Any CPU
	EndGlobalSection
EndGlobal
